
Microsoft Visual Studio Solution File, Format Version 12.00
# Visual Studio Version 16
VisualStudioVersion = 16.0.31702.278
MinimumVisualStudioVersion = 10.0.40219.1
Project("{FAE04EC0-301F-11D3-BF4B-00C04F79EFBC}") = "Flows", "Flows.csproj", "{9140C9FD-E6E1-4D7F-9353-59101F817377}"
EndProject
Global
	GlobalSection(SolutionConfigurationPlatforms) = preSolution
		Debug|Any CPU = Debug|Any CPU
		Release|Any CPU = Release|Any CPU
	EndGlobalSection
	GlobalSection(ProjectConfigurationPlatforms) = postSolution
		{9140C9FD-E6E1-4D7F-9353-59101F817377}.Debug|Any CPU.ActiveCfg = Debug|Any CPU
		{9140C9FD-E6E1-4D7F-9353-59101F817377}.Debug|Any CPU.Build.0 = Debug|Any CPU
		{9140C9FD-E6E1-4D7F-9353-59101F817377}.Release|Any CPU.ActiveCfg = Release|Any CPU
		{9140C9FD-E6E1-4D7F-9353-59101F817377}.Release|Any CPU.Build.0 = Release|Any CPU
	EndGlobalSection
	GlobalSection(SolutionProperties) = preSolution
		HideSolutionNode = FALSE
	EndGlobalSection
	GlobalSection(ExtensibilityGlobals) = postSolution
		SolutionGuid = {967D3F04-1D07-46B7-926A-29BDD64D4E7D}
	EndGlobalSection
EndGlobal
